
Microsoft Visual Studio Solution File, Format Version 12.00
# Visual Studio Version 16
VisualStudioVersion = 16.0.31019.35
MinimumVisualStudioVersion = 10.0.40219.1
Project("{8BC9CEB8-8B4A-11D0-8D11-00A0C91BC942}") = "курсач чм", "курсач чм\курсач чм.vcxproj", "{EC57EF19-A0E6-4E84-9655-EBCD368A1C8B}"
EndProject
Global
	GlobalSection(SolutionConfigurationPlatforms) = preSolution
		Debug|x64 = Debug|x64
		Debug|x86 = Debug|x86
		Release|x64 = Release|x64
		Release|x86 = Release|x86
	EndGlobalSection
	GlobalSection(ProjectConfigurationPlatforms) = postSolution
		{EC57EF19-A0E6-4E84-9655-EBCD368A1C8B}.Debug|x64.ActiveCfg = Debug|x64
		{EC57EF19-A0E6-4E84-9655-EBCD368A1C8B}.Debug|x64.Build.0 = Debug|x64
		{EC57EF19-A0E6-4E84-9655-EBCD368A1C8B}.Debug|x86.ActiveCfg = Debug|Win32
		{EC57EF19-A0E6-4E84-9655-EBCD368A1C8B}.Debug|x86.Build.0 = Debug|Win32
		{EC57EF19-A0E6-4E84-9655-EBCD368A1C8B}.Release|x64.ActiveCfg = Release|x64
		{EC57EF19-A0E6-4E84-9655-EBCD368A1C8B}.Release|x64.Build.0 = Release|x64
		{EC57EF19-A0E6-4E84-9655-EBCD368A1C8B}.Release|x86.ActiveCfg = Release|Win32
		{EC57EF19-A0E6-4E84-9655-EBCD368A1C8B}.Release|x86.Build.0 = Release|Win32
	EndGlobalSection
	GlobalSection(SolutionProperties) = preSolution
		HideSolutionNode = FALSE
	EndGlobalSection
	GlobalSection(ExtensibilityGlobals) = postSolution
		SolutionGuid = {2801CCD8-D8D4-4FE1-A0D1-812023E8B234}
	EndGlobalSection
EndGlobal
