<?xml version="1.0" encoding="utf-8"?>
<Project ToolsVersion="4.0" xmlns="http://schemas.microsoft.com/developer/msbuild/2003">
  <ItemGroup>
    <Filter Include="Исходные файлы">
      <UniqueIdentifier>{4FC737F1-C7A5-4376-A066-2A32D752A2FF}</UniqueIdentifier>
      <Extensions>cpp;c;cc;cxx;c++;cppm;ixx;def;odl;idl;hpj;bat;asm;asmx</Extensions>
    </Filter>
    <Filter Include="Файлы заголовков">
      <UniqueIdentifier>{93995380-89BD-4b04-88EB-625FBE52EBFB}</UniqueIdentifier>
      <Extensions>h;hh;hpp;hxx;h++;hm;inl;inc;ipp;xsd</Extensions>
    </Filter>
    <Filter Include="Файлы ресурсов">
      <UniqueIdentifier>{67DA6AB6-F800-4c08-8B7A-83BB121AAD01}</UniqueIdentifier>
      <Extensions>rc;ico;cur;bmp;dlg;rc2;rct;bin;rgs;gif;jpg;jpeg;jpe;resx;tiff;tif;png;wav;mfcribbon-ms</Extensions>
    </Filter>
    <Filter Include="Исходные файлы\Config">
      <UniqueIdentifier>{48cd5bef-d8ce-4fae-af92-7a709e39ae3c}</UniqueIdentifier>
    </Filter>
    <Filter Include="Исходные файлы\Генераторы">
      <UniqueIdentifier>{d7fcb288-3abc-4725-9cab-df65638fab4c}</UniqueIdentifier>
    </Filter>
    <Filter Include="Исходные файлы\input">
      <UniqueIdentifier>{7dd10ba0-6f3f-4fb2-ae82-5bf875614a4c}</UniqueIdentifier>
    </Filter>
    <Filter Include="Исходные файлы\Basic">
      <UniqueIdentifier>{19525e5a-08c2-4407-8149-784fb72b40e6}</UniqueIdentifier>
    </Filter>
  </ItemGroup>
  <ItemGroup>
    <ClCompile Include="курсач чм.cpp">
      <Filter>Исходные файлы</Filter>
    </ClCompile>
  </ItemGroup>
  <ItemGroup>
    <ClInclude Include="MatGenerator.h">
      <Filter>Исходные файлы\Генераторы</Filter>
    </ClInclude>
    <ClInclude Include="NodeGenerator.h">
      <Filter>Исходные файлы\Генераторы</Filter>
    </ClInclude>
    <ClInclude Include="ElemGenerator.h">
      <Filter>Исходные файлы\Генераторы</Filter>
    </ClInclude>
    <ClInclude Include="Config.h">
      <Filter>Исходные файлы\Config</Filter>
    </ClInclude>
    <ClInclude Include="GenD.h">
      <Filter>Исходные файлы\Basic</Filter>
    </ClInclude>
    <ClInclude Include="BasicFunction.h">
      <Filter>Исходные файлы\Basic</Filter>
    </ClInclude>
    <ClInclude Include="Grid.h">
      <Filter>Исходные файлы</Filter>
    </ClInclude>
    <ClInclude Include="MatrixGM.h">
      <Filter>Исходные файлы\Basic</Filter>
    </ClInclude>
    <ClInclude Include="VectorB.h">
      <Filter>Исходные файлы\Basic</Filter>
    </ClInclude>
    <ClInclude Include="functionB.h">
      <Filter>Исходные файлы\Basic</Filter>
    </ClInclude>
    <ClInclude Include="GlobalMatrixes.h">
      <Filter>Исходные файлы</Filter>
    </ClInclude>
    <ClInclude Include="BC.h">
      <Filter>Исходные файлы</Filter>
    </ClInclude>
    <ClInclude Include="MSG.h">
      <Filter>Исходные файлы</Filter>
    </ClInclude>
    <ClInclude Include="Solve.h">
      <Filter>Исходные файлы</Filter>
    </ClInclude>
  </ItemGroup>
  <ItemGroup>
    <Text Include="Mat.txt">
      <Filter>Исходные файлы\input</Filter>
    </Text>
    <Text Include="Node.txt">
      <Filter>Исходные файлы\input</Filter>
    </Text>
    <Text Include="Elem.txt">
      <Filter>Исходные файлы\input</Filter>
    </Text>
    <Text Include="bc2.txt">
      <Filter>Исходные файлы\input</Filter>
    </Text>
    <Text Include="bc3.txt">
      <Filter>Исходные файлы\input</Filter>
    </Text>
    <Text Include="bc1.txt">
      <Filter>Исходные файлы\input</Filter>
    </Text>
  </ItemGroup>
</Project>